
Microsoft Visual Studio Solution File, Format Version 12.00
# Visual Studio 15
VisualStudioVersion = 15.0.27130.2010
MinimumVisualStudioVersion = 10.0.40219.1
Project("{FAE04EC0-301F-11D3-BF4B-00C04F79EFBC}") = "WebApi", "WebApi\WebApi.csproj", "{890FF85A-5695-4D90-9CA8-D6AEE9FC304F}"
EndProject
Global
	GlobalSection(SolutionConfigurationPlatforms) = preSolution
		Debug|Any CPU = Debug|Any CPU
		Release|Any CPU = Release|Any CPU
	EndGlobalSection
	GlobalSection(ProjectConfigurationPlatforms) = postSolution
		{890FF85A-5695-4D90-9CA8-D6AEE9FC304F}.Debug|Any CPU.ActiveCfg = Debug|Any CPU
		{890FF85A-5695-4D90-9CA8-D6AEE9FC304F}.Debug|Any CPU.Build.0 = Debug|Any CPU
		{890FF85A-5695-4D90-9CA8-D6AEE9FC304F}.Release|Any CPU.ActiveCfg = Release|Any CPU
		{890FF85A-5695-4D90-9CA8-D6AEE9FC304F}.Release|Any CPU.Build.0 = Release|Any CPU
	EndGlobalSection
	GlobalSection(SolutionProperties) = preSolution
		HideSolutionNode = FALSE
	EndGlobalSection
	GlobalSection(ExtensibilityGlobals) = postSolution
		SolutionGuid = {302321AC-8635-4AD7-98F5-62ACE86E3E53}
	EndGlobalSection
EndGlobal
